
Microsoft Visual Studio Solution File, Format Version 12.00
# Visual Studio Version 16
VisualStudioVersion = 16.0.30717.126
MinimumVisualStudioVersion = 10.0.40219.1
Project("{FAE04EC0-301F-11D3-BF4B-00C04F79EFBC}") = "VoiceTracker.Net", "VoiceTracker.Net\VoiceTracker.Net.csproj", "{CC0BC23A-8DA4-4290-83EC-3F95CC91D6FB}"
EndProject
Global
	GlobalSection(SolutionConfigurationPlatforms) = preSolution
		Debug|Any CPU = Debug|Any CPU
		Release|Any CPU = Release|Any CPU
	EndGlobalSection
	GlobalSection(ProjectConfigurationPlatforms) = postSolution
		{CC0BC23A-8DA4-4290-83EC-3F95CC91D6FB}.Debug|Any CPU.ActiveCfg = Debug|Any CPU
		{CC0BC23A-8DA4-4290-83EC-3F95CC91D6FB}.Debug|Any CPU.Build.0 = Debug|Any CPU
		{CC0BC23A-8DA4-4290-83EC-3F95CC91D6FB}.Release|Any CPU.ActiveCfg = Release|Any CPU
		{CC0BC23A-8DA4-4290-83EC-3F95CC91D6FB}.Release|Any CPU.Build.0 = Release|Any CPU
	EndGlobalSection
	GlobalSection(SolutionProperties) = preSolution
		HideSolutionNode = FALSE
	EndGlobalSection
	GlobalSection(ExtensibilityGlobals) = postSolution
		SolutionGuid = {BB588617-46B0-4AF5-89C8-0754EC2B9A82}
	EndGlobalSection
EndGlobal
